
Microsoft Visual Studio Solution File, Format Version 12.00
# Visual Studio Version 16
VisualStudioVersion = 16.0.28803.352
MinimumVisualStudioVersion = 10.0.40219.1
Project("{8BC9CEB8-8B4A-11D0-8D11-00A0C91BC942}") = "Add2", "Add2.vcxproj", "{89E4D0EF-5D18-46F2-AF22-F906AF5DC057}"
EndProject
Global
	GlobalSection(SolutionConfigurationPlatforms) = preSolution
		Debug|x64 = Debug|x64
		Debug|x86 = Debug|x86
		Release|x64 = Release|x64
		Release|x86 = Release|x86
	EndGlobalSection
	GlobalSection(ProjectConfigurationPlatforms) = postSolution
		{89E4D0EF-5D18-46F2-AF22-F906AF5DC057}.Debug|x64.ActiveCfg = Debug|x64
		{89E4D0EF-5D18-46F2-AF22-F906AF5DC057}.Debug|x64.Build.0 = Debug|x64
		{89E4D0EF-5D18-46F2-AF22-F906AF5DC057}.Debug|x86.ActiveCfg = Debug|Win32
		{89E4D0EF-5D18-46F2-AF22-F906AF5DC057}.Debug|x86.Build.0 = Debug|Win32
		{89E4D0EF-5D18-46F2-AF22-F906AF5DC057}.Release|x64.ActiveCfg = Release|x64
		{89E4D0EF-5D18-46F2-AF22-F906AF5DC057}.Release|x64.Build.0 = Release|x64
		{89E4D0EF-5D18-46F2-AF22-F906AF5DC057}.Release|x86.ActiveCfg = Release|Win32
		{89E4D0EF-5D18-46F2-AF22-F906AF5DC057}.Release|x86.Build.0 = Release|Win32
	EndGlobalSection
	GlobalSection(SolutionProperties) = preSolution
		HideSolutionNode = FALSE
	EndGlobalSection
	GlobalSection(ExtensibilityGlobals) = postSolution
		SolutionGuid = {C80A1F78-336D-4BCF-BDE6-DFBDE4C9CC88}
	EndGlobalSection
EndGlobal
